
Microsoft Visual Studio Solution File, Format Version 12.00
# Visual Studio Version 17
VisualStudioVersion = 17.1.32407.343
MinimumVisualStudioVersion = 10.0.40219.1
Project("{9A19103F-16F7-4668-BE54-9A1E7A4F7556}") = "Oedon.Tests", "tests\Oedon.Tests\Oedon.Tests.csproj", "{A3A26D90-CD2D-48E4-9A10-798CEAED55AC}"
EndProject
Project("{9A19103F-16F7-4668-BE54-9A1E7A4F7556}") = "Oedon.Core", "src\Oedon.Core\Oedon.Core.csproj", "{5FA32D17-8812-40D9-8743-66363AB976DC}"
EndProject
Project("{9A19103F-16F7-4668-BE54-9A1E7A4F7556}") = "Oedon.Core.UI", "src\Oedon.Core.UI\Oedon.Core.UI.csproj", "{3AFB558D-CD43-4A52-B7B8-3B400CFD3E83}"
EndProject
Project("{9A19103F-16F7-4668-BE54-9A1E7A4F7556}") = "Oedon.Designer", "src\Oedon.Designer\Oedon.Designer.csproj", "{8A5AADE6-2EF3-440F-8A65-9E99024220B2}"
EndProject
Project("{9A19103F-16F7-4668-BE54-9A1E7A4F7556}") = "Oedon.Designer.Core", "src\Oedon.Designer.Core\Oedon.Designer.Core.csproj", "{5E4E0FEE-D924-4E03-ADE4-298B545196D0}"
EndProject
Project("{9A19103F-16F7-4668-BE54-9A1E7A4F7556}") = "Oedon.Designer.Core.UI", "src\Oedon.Designer.Core.UI\Oedon.Designer.Core.UI.csproj", "{0344022F-4381-41EF-86AC-8DBB700AC7CA}"
EndProject
Project("{9A19103F-16F7-4668-BE54-9A1E7A4F7556}") = "Oedon.NativeInterop", "src\Oedon.NativeInterop\Oedon.NativeInterop.csproj", "{9F0D9905-24C5-4C17-A1AC-51D4DC375372}"
EndProject
Project("{9A19103F-16F7-4668-BE54-9A1E7A4F7556}") = "Oedon.Renderer.NativeInterop", "src\Oedon.Renderer.NativeInterop\Oedon.Renderer.NativeInterop.csproj", "{5265F3A5-ACCA-4603-80CF-FB30FF9A8B62}"
EndProject
Project("{8BC9CEB8-8B4A-11D0-8D11-00A0C91BC942}") = "Oedon", "src\Oedon\Oedon.vcxproj", "{8045C554-8DDE-49E1-8BE7-3BD07D27228A}"
EndProject
Project("{2150E333-8FDC-42A3-9474-1A3956D46DE8}") = "Test", "Test", "{1770A5E2-D44A-4582-8D34-8605CB2E4159}"
EndProject
Project("{2150E333-8FDC-42A3-9474-1A3956D46DE8}") = "Native", "Native", "{23A2E479-C1C3-4866-BDD5-7324627D265A}"
EndProject
Project("{2150E333-8FDC-42A3-9474-1A3956D46DE8}") = "Core", "Core", "{E9EC7FF3-002A-4268-9490-D0C975677D7B}"
EndProject
Project("{2150E333-8FDC-42A3-9474-1A3956D46DE8}") = "Designer", "Designer", "{04DCA54C-3BDC-4825-9246-50B6C79EBDDA}"
EndProject
Project("{8BC9CEB8-8B4A-11D0-8D11-00A0C91BC942}") = "Oedon.Renderer", "src\Oedon.Renderer\Oedon.Renderer.vcxproj", "{38F9B822-0550-4C37-BD90-1D23ECAA9206}"
EndProject
Global
	GlobalSection(SolutionConfigurationPlatforms) = preSolution
		Debug|Any CPU = Debug|Any CPU
		Debug|x64 = Debug|x64
		Release|Any CPU = Release|Any CPU
		Release|x64 = Release|x64
	EndGlobalSection
	GlobalSection(ProjectConfigurationPlatforms) = postSolution
		{A3A26D90-CD2D-48E4-9A10-798CEAED55AC}.Debug|Any CPU.ActiveCfg = Debug|Any CPU
		{A3A26D90-CD2D-48E4-9A10-798CEAED55AC}.Debug|Any CPU.Build.0 = Debug|Any CPU
		{A3A26D90-CD2D-48E4-9A10-798CEAED55AC}.Debug|x64.ActiveCfg = Debug|Any CPU
		{A3A26D90-CD2D-48E4-9A10-798CEAED55AC}.Debug|x64.Build.0 = Debug|Any CPU
		{A3A26D90-CD2D-48E4-9A10-798CEAED55AC}.Release|Any CPU.ActiveCfg = Release|Any CPU
		{A3A26D90-CD2D-48E4-9A10-798CEAED55AC}.Release|Any CPU.Build.0 = Release|Any CPU
		{A3A26D90-CD2D-48E4-9A10-798CEAED55AC}.Release|x64.ActiveCfg = Release|Any CPU
		{A3A26D90-CD2D-48E4-9A10-798CEAED55AC}.Release|x64.Build.0 = Release|Any CPU
		{5FA32D17-8812-40D9-8743-66363AB976DC}.Debug|Any CPU.ActiveCfg = Debug|Any CPU
		{5FA32D17-8812-40D9-8743-66363AB976DC}.Debug|Any CPU.Build.0 = Debug|Any CPU
		{5FA32D17-8812-40D9-8743-66363AB976DC}.Debug|x64.ActiveCfg = Debug|Any CPU
		{5FA32D17-8812-40D9-8743-66363AB976DC}.Debug|x64.Build.0 = Debug|Any CPU
		{5FA32D17-8812-40D9-8743-66363AB976DC}.Release|Any CPU.ActiveCfg = Release|Any CPU
		{5FA32D17-8812-40D9-8743-66363AB976DC}.Release|Any CPU.Build.0 = Release|Any CPU
		{5FA32D17-8812-40D9-8743-66363AB976DC}.Release|x64.ActiveCfg = Release|Any CPU
		{5FA32D17-8812-40D9-8743-66363AB976DC}.Release|x64.Build.0 = Release|Any CPU
		{3AFB558D-CD43-4A52-B7B8-3B400CFD3E83}.Debug|Any CPU.ActiveCfg = Debug|Any CPU
		{3AFB558D-CD43-4A52-B7B8-3B400CFD3E83}.Debug|Any CPU.Build.0 = Debug|Any CPU
		{3AFB558D-CD43-4A52-B7B8-3B400CFD3E83}.Debug|x64.ActiveCfg = Debug|Any CPU
		{3AFB558D-CD43-4A52-B7B8-3B400CFD3E83}.Debug|x64.Build.0 = Debug|Any CPU
		{3AFB558D-CD43-4A52-B7B8-3B400CFD3E83}.Release|Any CPU.ActiveCfg = Release|Any CPU
		{3AFB558D-CD43-4A52-B7B8-3B400CFD3E83}.Release|Any CPU.Build.0 = Release|Any CPU
		{3AFB558D-CD43-4A52-B7B8-3B400CFD3E83}.Release|x64.ActiveCfg = Release|Any CPU
		{3AFB558D-CD43-4A52-B7B8-3B400CFD3E83}.Release|x64.Build.0 = Release|Any CPU
		{8A5AADE6-2EF3-440F-8A65-9E99024220B2}.Debug|Any CPU.ActiveCfg = Debug|Any CPU
		{8A5AADE6-2EF3-440F-8A65-9E99024220B2}.Debug|Any CPU.Build.0 = Debug|Any CPU
		{8A5AADE6-2EF3-440F-8A65-9E99024220B2}.Debug|x64.ActiveCfg = Debug|Any CPU
		{8A5AADE6-2EF3-440F-8A65-9E99024220B2}.Debug|x64.Build.0 = Debug|Any CPU
		{8A5AADE6-2EF3-440F-8A65-9E99024220B2}.Release|Any CPU.ActiveCfg = Release|Any CPU
		{8A5AADE6-2EF3-440F-8A65-9E99024220B2}.Release|Any CPU.Build.0 = Release|Any CPU
		{8A5AADE6-2EF3-440F-8A65-9E99024220B2}.Release|x64.ActiveCfg = Release|Any CPU
		{8A5AADE6-2EF3-440F-8A65-9E99024220B2}.Release|x64.Build.0 = Release|Any CPU
		{5E4E0FEE-D924-4E03-ADE4-298B545196D0}.Debug|Any CPU.ActiveCfg = Debug|Any CPU
		{5E4E0FEE-D924-4E03-ADE4-298B545196D0}.Debug|Any CPU.Build.0 = Debug|Any CPU
		{5E4E0FEE-D924-4E03-ADE4-298B545196D0}.Debug|x64.ActiveCfg = Debug|Any CPU
		{5E4E0FEE-D924-4E03-ADE4-298B545196D0}.Debug|x64.Build.0 = Debug|Any CPU
		{5E4E0FEE-D924-4E03-ADE4-298B545196D0}.Release|Any CPU.ActiveCfg = Release|Any CPU
		{5E4E0FEE-D924-4E03-ADE4-298B545196D0}.Release|Any CPU.Build.0 = Release|Any CPU
		{5E4E0FEE-D924-4E03-ADE4-298B545196D0}.Release|x64.ActiveCfg = Release|Any CPU
		{5E4E0FEE-D924-4E03-ADE4-298B545196D0}.Release|x64.Build.0 = Release|Any CPU
		{0344022F-4381-41EF-86AC-8DBB700AC7CA}.Debug|Any CPU.ActiveCfg = Debug|Any CPU
		{0344022F-4381-41EF-86AC-8DBB700AC7CA}.Debug|Any CPU.Build.0 = Debug|Any CPU
		{0344022F-4381-41EF-86AC-8DBB700AC7CA}.Debug|x64.ActiveCfg = Debug|Any CPU
		{0344022F-4381-41EF-86AC-8DBB700AC7CA}.Debug|x64.Build.0 = Debug|Any CPU
		{0344022F-4381-41EF-86AC-8DBB700AC7CA}.Release|Any CPU.ActiveCfg = Release|Any CPU
		{0344022F-4381-41EF-86AC-8DBB700AC7CA}.Release|Any CPU.Build.0 = Release|Any CPU
		{0344022F-4381-41EF-86AC-8DBB700AC7CA}.Release|x64.ActiveCfg = Release|Any CPU
		{0344022F-4381-41EF-86AC-8DBB700AC7CA}.Release|x64.Build.0 = Release|Any CPU
		{9F0D9905-24C5-4C17-A1AC-51D4DC375372}.Debug|Any CPU.ActiveCfg = Debug|Any CPU
		{9F0D9905-24C5-4C17-A1AC-51D4DC375372}.Debug|Any CPU.Build.0 = Debug|Any CPU
		{9F0D9905-24C5-4C17-A1AC-51D4DC375372}.Debug|x64.ActiveCfg = Debug|Any CPU
		{9F0D9905-24C5-4C17-A1AC-51D4DC375372}.Debug|x64.Build.0 = Debug|Any CPU
		{9F0D9905-24C5-4C17-A1AC-51D4DC375372}.Release|Any CPU.ActiveCfg = Release|Any CPU
		{9F0D9905-24C5-4C17-A1AC-51D4DC375372}.Release|Any CPU.Build.0 = Release|Any CPU
		{9F0D9905-24C5-4C17-A1AC-51D4DC375372}.Release|x64.ActiveCfg = Release|Any CPU
		{9F0D9905-24C5-4C17-A1AC-51D4DC375372}.Release|x64.Build.0 = Release|Any CPU
		{5265F3A5-ACCA-4603-80CF-FB30FF9A8B62}.Debug|Any CPU.ActiveCfg = Debug|Any CPU
		{5265F3A5-ACCA-4603-80CF-FB30FF9A8B62}.Debug|Any CPU.Build.0 = Debug|Any CPU
		{5265F3A5-ACCA-4603-80CF-FB30FF9A8B62}.Debug|x64.ActiveCfg = Debug|Any CPU
		{5265F3A5-ACCA-4603-80CF-FB30FF9A8B62}.Debug|x64.Build.0 = Debug|Any CPU
		{5265F3A5-ACCA-4603-80CF-FB30FF9A8B62}.Release|Any CPU.ActiveCfg = Release|Any CPU
		{5265F3A5-ACCA-4603-80CF-FB30FF9A8B62}.Release|Any CPU.Build.0 = Release|Any CPU
		{5265F3A5-ACCA-4603-80CF-FB30FF9A8B62}.Release|x64.ActiveCfg = Release|Any CPU
		{5265F3A5-ACCA-4603-80CF-FB30FF9A8B62}.Release|x64.Build.0 = Release|Any CPU
		{8045C554-8DDE-49E1-8BE7-3BD07D27228A}.Debug|Any CPU.ActiveCfg = Debug|x64
		{8045C554-8DDE-49E1-8BE7-3BD07D27228A}.Debug|Any CPU.Build.0 = Debug|x64
		{8045C554-8DDE-49E1-8BE7-3BD07D27228A}.Debug|x64.ActiveCfg = Debug|x64
		{8045C554-8DDE-49E1-8BE7-3BD07D27228A}.Debug|x64.Build.0 = Debug|x64
		{8045C554-8DDE-49E1-8BE7-3BD07D27228A}.Release|Any CPU.ActiveCfg = Release|x64
		{8045C554-8DDE-49E1-8BE7-3BD07D27228A}.Release|Any CPU.Build.0 = Release|x64
		{8045C554-8DDE-49E1-8BE7-3BD07D27228A}.Release|x64.ActiveCfg = Release|x64
		{8045C554-8DDE-49E1-8BE7-3BD07D27228A}.Release|x64.Build.0 = Release|x64
		{38F9B822-0550-4C37-BD90-1D23ECAA9206}.Debug|Any CPU.ActiveCfg = Debug|x64
		{38F9B822-0550-4C37-BD90-1D23ECAA9206}.Debug|Any CPU.Build.0 = Debug|x64
		{38F9B822-0550-4C37-BD90-1D23ECAA9206}.Debug|x64.ActiveCfg = Debug|x64
		{38F9B822-0550-4C37-BD90-1D23ECAA9206}.Debug|x64.Build.0 = Debug|x64
		{38F9B822-0550-4C37-BD90-1D23ECAA9206}.Release|Any CPU.ActiveCfg = Release|x64
		{38F9B822-0550-4C37-BD90-1D23ECAA9206}.Release|Any CPU.Build.0 = Release|x64
		{38F9B822-0550-4C37-BD90-1D23ECAA9206}.Release|x64.ActiveCfg = Release|x64
		{38F9B822-0550-4C37-BD90-1D23ECAA9206}.Release|x64.Build.0 = Release|x64
	EndGlobalSection
	GlobalSection(SolutionProperties) = preSolution
		HideSolutionNode = FALSE
	EndGlobalSection
	GlobalSection(NestedProjects) = preSolution
		{A3A26D90-CD2D-48E4-9A10-798CEAED55AC} = {1770A5E2-D44A-4582-8D34-8605CB2E4159}
		{5FA32D17-8812-40D9-8743-66363AB976DC} = {E9EC7FF3-002A-4268-9490-D0C975677D7B}
		{3AFB558D-CD43-4A52-B7B8-3B400CFD3E83} = {E9EC7FF3-002A-4268-9490-D0C975677D7B}
		{8A5AADE6-2EF3-440F-8A65-9E99024220B2} = {04DCA54C-3BDC-4825-9246-50B6C79EBDDA}
		{5E4E0FEE-D924-4E03-ADE4-298B545196D0} = {04DCA54C-3BDC-4825-9246-50B6C79EBDDA}
		{0344022F-4381-41EF-86AC-8DBB700AC7CA} = {04DCA54C-3BDC-4825-9246-50B6C79EBDDA}
		{9F0D9905-24C5-4C17-A1AC-51D4DC375372} = {23A2E479-C1C3-4866-BDD5-7324627D265A}
		{5265F3A5-ACCA-4603-80CF-FB30FF9A8B62} = {23A2E479-C1C3-4866-BDD5-7324627D265A}
		{8045C554-8DDE-49E1-8BE7-3BD07D27228A} = {23A2E479-C1C3-4866-BDD5-7324627D265A}
		{38F9B822-0550-4C37-BD90-1D23ECAA9206} = {23A2E479-C1C3-4866-BDD5-7324627D265A}
	EndGlobalSection
	GlobalSection(ExtensibilityGlobals) = postSolution
		SolutionGuid = {64BE4D4F-1600-4F2C-A3B2-A98A65078F95}
	EndGlobalSection
EndGlobal
